
Microsoft Visual Studio Solution File, Format Version 12.00
# Visual Studio Version 16
VisualStudioVersion = 16.0.29926.136
MinimumVisualStudioVersion = 10.0.40219.1
Project("{9A19103F-16F7-4668-BE54-9A1E7A4F7556}") = "GamesMS", "GamesMS\GamesMS.csproj", "{76524217-4A8B-4FA2-9AD6-6D3140B44852}"
EndProject
Project("{9A19103F-16F7-4668-BE54-9A1E7A4F7556}") = "GamesMS.Core", "GamesMS.Core\GamesMS.Core.csproj", "{7DB3E9DB-8FAA-48B2-8896-7EA831584244}"
EndProject
Project("{FAE04EC0-301F-11D3-BF4B-00C04F79EFBC}") = "GameMS.Tests", "GameMS.Tests\GameMS.Tests.csproj", "{0438D7F0-73BD-476D-B2D2-D9CE05CA4E59}"
EndProject
Project("{FAE04EC0-301F-11D3-BF4B-00C04F79EFBC}") = "GamesMS.Api", "GamesMS.Api\GamesMS.Api.csproj", "{DEE57FAD-6652-43DC-9A3B-39583F4A535D}"
EndProject
Project("{FAE04EC0-301F-11D3-BF4B-00C04F79EFBC}") = "GamesMS.Main", "GamesMS.Main\GamesMS.Main.csproj", "{F8AC0338-9302-4120-AC58-B327F7E16C8D}"
EndProject
Global
	GlobalSection(SolutionConfigurationPlatforms) = preSolution
		Debug|Any CPU = Debug|Any CPU
		Release|Any CPU = Release|Any CPU
	EndGlobalSection
	GlobalSection(ProjectConfigurationPlatforms) = postSolution
		{76524217-4A8B-4FA2-9AD6-6D3140B44852}.Debug|Any CPU.ActiveCfg = Debug|Any CPU
		{76524217-4A8B-4FA2-9AD6-6D3140B44852}.Debug|Any CPU.Build.0 = Debug|Any CPU
		{76524217-4A8B-4FA2-9AD6-6D3140B44852}.Release|Any CPU.ActiveCfg = Release|Any CPU
		{76524217-4A8B-4FA2-9AD6-6D3140B44852}.Release|Any CPU.Build.0 = Release|Any CPU
		{7DB3E9DB-8FAA-48B2-8896-7EA831584244}.Debug|Any CPU.ActiveCfg = Debug|Any CPU
		{7DB3E9DB-8FAA-48B2-8896-7EA831584244}.Debug|Any CPU.Build.0 = Debug|Any CPU
		{7DB3E9DB-8FAA-48B2-8896-7EA831584244}.Release|Any CPU.ActiveCfg = Release|Any CPU
		{7DB3E9DB-8FAA-48B2-8896-7EA831584244}.Release|Any CPU.Build.0 = Release|Any CPU
		{0438D7F0-73BD-476D-B2D2-D9CE05CA4E59}.Debug|Any CPU.ActiveCfg = Debug|Any CPU
		{0438D7F0-73BD-476D-B2D2-D9CE05CA4E59}.Debug|Any CPU.Build.0 = Debug|Any CPU
		{0438D7F0-73BD-476D-B2D2-D9CE05CA4E59}.Release|Any CPU.ActiveCfg = Release|Any CPU
		{0438D7F0-73BD-476D-B2D2-D9CE05CA4E59}.Release|Any CPU.Build.0 = Release|Any CPU
		{DEE57FAD-6652-43DC-9A3B-39583F4A535D}.Debug|Any CPU.ActiveCfg = Debug|Any CPU
		{DEE57FAD-6652-43DC-9A3B-39583F4A535D}.Debug|Any CPU.Build.0 = Debug|Any CPU
		{DEE57FAD-6652-43DC-9A3B-39583F4A535D}.Release|Any CPU.ActiveCfg = Release|Any CPU
		{DEE57FAD-6652-43DC-9A3B-39583F4A535D}.Release|Any CPU.Build.0 = Release|Any CPU
		{F8AC0338-9302-4120-AC58-B327F7E16C8D}.Debug|Any CPU.ActiveCfg = Debug|Any CPU
		{F8AC0338-9302-4120-AC58-B327F7E16C8D}.Debug|Any CPU.Build.0 = Debug|Any CPU
		{F8AC0338-9302-4120-AC58-B327F7E16C8D}.Release|Any CPU.ActiveCfg = Release|Any CPU
		{F8AC0338-9302-4120-AC58-B327F7E16C8D}.Release|Any CPU.Build.0 = Release|Any CPU
	EndGlobalSection
	GlobalSection(SolutionProperties) = preSolution
		HideSolutionNode = FALSE
	EndGlobalSection
	GlobalSection(ExtensibilityGlobals) = postSolution
		SolutionGuid = {59C8D7B9-8E24-4256-BB54-89D10457D89F}
	EndGlobalSection
EndGlobal
